
Microsoft Visual Studio Solution File, Format Version 12.00
# Visual Studio Version 16
VisualStudioVersion = 16.0.31605.320
MinimumVisualStudioVersion = 10.0.40219.1
Project("{9A19103F-16F7-4668-BE54-9A1E7A4F7556}") = "ERPLoader", "ERPLoader\ERPLoader.csproj", "{6E6CAA3E-FEB8-42D9-AF99-B2DE647D5ED3}"
EndProject
Project("{9A19103F-16F7-4668-BE54-9A1E7A4F7556}") = "EgoEngineLibrary", "Ego-Engine-Modding\src\EgoEngineLibrary\EgoEngineLibrary.csproj", "{0BAA9CA6-8328-46EB-A3C9-B273B2FF9A49}"
EndProject
Project("{FAE04EC0-301F-11D3-BF4B-00C04F79EFBC}") = "EasyERPExplorer", "EasyERPExplorer\EasyERPExplorer.csproj", "{A843D938-7087-49D4-B5FA-B2B356E77DD7}"
EndProject
Global
	GlobalSection(SolutionConfigurationPlatforms) = preSolution
		Debug|Any CPU = Debug|Any CPU
		Release|Any CPU = Release|Any CPU
	EndGlobalSection
	GlobalSection(ProjectConfigurationPlatforms) = postSolution
		{6E6CAA3E-FEB8-42D9-AF99-B2DE647D5ED3}.Debug|Any CPU.ActiveCfg = Debug|Any CPU
		{6E6CAA3E-FEB8-42D9-AF99-B2DE647D5ED3}.Debug|Any CPU.Build.0 = Debug|Any CPU
		{6E6CAA3E-FEB8-42D9-AF99-B2DE647D5ED3}.Release|Any CPU.ActiveCfg = Release|Any CPU
		{6E6CAA3E-FEB8-42D9-AF99-B2DE647D5ED3}.Release|Any CPU.Build.0 = Release|Any CPU
		{0BAA9CA6-8328-46EB-A3C9-B273B2FF9A49}.Debug|Any CPU.ActiveCfg = Debug|Any CPU
		{0BAA9CA6-8328-46EB-A3C9-B273B2FF9A49}.Debug|Any CPU.Build.0 = Debug|Any CPU
		{0BAA9CA6-8328-46EB-A3C9-B273B2FF9A49}.Release|Any CPU.ActiveCfg = Release|Any CPU
		{0BAA9CA6-8328-46EB-A3C9-B273B2FF9A49}.Release|Any CPU.Build.0 = Release|Any CPU
		{A843D938-7087-49D4-B5FA-B2B356E77DD7}.Debug|Any CPU.ActiveCfg = Debug|Any CPU
		{A843D938-7087-49D4-B5FA-B2B356E77DD7}.Debug|Any CPU.Build.0 = Debug|Any CPU
		{A843D938-7087-49D4-B5FA-B2B356E77DD7}.Release|Any CPU.ActiveCfg = Release|Any CPU
		{A843D938-7087-49D4-B5FA-B2B356E77DD7}.Release|Any CPU.Build.0 = Release|Any CPU
	EndGlobalSection
	GlobalSection(SolutionProperties) = preSolution
		HideSolutionNode = FALSE
	EndGlobalSection
	GlobalSection(ExtensibilityGlobals) = postSolution
		SolutionGuid = {6B69D1A3-5FAF-4630-83F6-62ADA4CDC9EB}
	EndGlobalSection
EndGlobal
